github.com/elastic/go-elasticsearch/v8 v8.0.0-20190731061900-ea052088db25 h1:7jd4dZ3/qtoQL7FEg6XXn1/nopYTz9HJSTPcZsj6h0o=
github.com/elastic/go-elasticsearch/v8 v8.0.0-20190731061900-ea052088db25/go.mod h1:xe9a/L2aeOgFKKgrO3ibQTnMdpAeL0GC+5/HpGScSa4=
github.com/google/uuid v1.1.1 h1:Gkbcsh/GbpXz7lPftLA3P6TYMwjCLYm83jiFQZF/3gY=
github.com/google/uuid v1.1.1/go.mod h1:TIyPZe4MgqvfeYDBFedMoGGpEw/LqOeaOT+nhxU+yHo=
